
Microsoft Visual Studio Solution File, Format Version 12.00
# Visual Studio 14
VisualStudioVersion = 14.0.24720.0
MinimumVisualStudioVersion = 10.0.40219.1
Project("{2150E333-8FDC-42A3-9474-1A3956D46DE8}") = "Myrtille.RDP", "Myrtille.RDP", "{D6573F74-1BD5-4165-AC85-3422A4144E2A}"
	ProjectSection(SolutionItems) = preProject
		Myrtille.RDP\RDPSetup.reg = Myrtille.RDP\RDPSetup.reg
	EndProjectSection
EndProject
Project("{FAE04EC0-301F-11D3-BF4B-00C04F79EFBC}") = "Myrtille.Common", "Myrtille.Common\Myrtille.Common.csproj", "{37630774-1321-4E6A-8661-4430A8946E9E}"
EndProject
Project("{FAE04EC0-301F-11D3-BF4B-00C04F79EFBC}") = "Myrtille.Web", "Myrtille.Web\Myrtille.Web.csproj", "{F00C33EB-EDA4-4980-AC2A-0BF574913A24}"
EndProject
Project("{8BC9CEB8-8B4A-11D0-8D11-00A0C91BC942}") = "FreeRDP.libasn1", "Myrtille.RDP\win\libasn1\libasn1.vcxproj", "{18B5646A-5AE4-4B6D-AE6B-71A8593C4400}"
EndProject
Project("{8BC9CEB8-8B4A-11D0-8D11-00A0C91BC942}") = "FreeRDP.libfreerdp", "Myrtille.RDP\win\libfreerdp\libfreerdp.vcxproj", "{14E7CAAC-D9F0-47DB-B97A-C3FE72E817BB}"
EndProject
Project("{8BC9CEB8-8B4A-11D0-8D11-00A0C91BC942}") = "FreeRDP.libfreerdpchanman", "Myrtille.RDP\win\libfreerdpchanman\libfreerdpchanman.vcxproj", "{7AB24DD4-B35C-4501-860C-541ED62EADBB}"
EndProject
Project("{8BC9CEB8-8B4A-11D0-8D11-00A0C91BC942}") = "FreeRDP.libfreerdputils", "Myrtille.RDP\win\libfreerdputils\libfreerdputils.vcxproj", "{EE3D1A7F-BCF0-4AC8-BC85-7D3462E21D60}"
EndProject
Project("{8BC9CEB8-8B4A-11D0-8D11-00A0C91BC942}") = "FreeRDP.wfreerdp", "Myrtille.RDP\win\wfreerdp\wfreerdp.vcxproj", "{1084C992-141E-419C-A63E-3870C2890571}"
EndProject
Project("{54435603-DBB4-11D2-8724-00A0C9A8B90C}") = "Myrtille.Setup", "Myrtille.Setup\Myrtille.Setup.vdproj", "{C12076FA-B3EF-4C62-841B-BE7BF6E4754B}"
EndProject
Project("{FAE04EC0-301F-11D3-BF4B-00C04F79EFBC}") = "Myrtille.Services", "Myrtille.Services\Myrtille.Services.csproj", "{5F357488-8DEF-4E95-874E-FC526D92DE29}"
EndProject
Project("{FAE04EC0-301F-11D3-BF4B-00C04F79EFBC}") = "Myrtille.Services.Contracts", "Myrtille.Services.Contracts\Myrtille.Services.Contracts.csproj", "{010E1702-3045-4B13-BFB6-06FFC60B5CBB}"
EndProject
Project("{2150E333-8FDC-42A3-9474-1A3956D46DE8}") = "Myrtille.Documents", "Myrtille.Documents", "{DF086F4D-FE52-459E-9267-4B5A3D347375}"
	ProjectSection(SolutionItems) = preProject
		CHANGELOG = CHANGELOG
		DISCLAIMERS = DISCLAIMERS
		DOCUMENTATION = DOCUMENTATION
		LICENSE = LICENSE
		README.md = README.md
	EndProjectSection
EndProject
Global
	GlobalSection(SolutionConfigurationPlatforms) = preSolution
		Debug|.NET = Debug|.NET
		Debug|Any CPU = Debug|Any CPU
		Debug|Mixed Platforms = Debug|Mixed Platforms
		Debug|Win32 = Debug|Win32
		Debug|x64 = Debug|x64
		Debug|x86 = Debug|x86
		Release|.NET = Release|.NET
		Release|Any CPU = Release|Any CPU
		Release|Mixed Platforms = Release|Mixed Platforms
		Release|Win32 = Release|Win32
		Release|x64 = Release|x64
		Release|x86 = Release|x86
	EndGlobalSection
	GlobalSection(ProjectConfigurationPlatforms) = postSolution
		{37630774-1321-4E6A-8661-4430A8946E9E}.Debug|.NET.ActiveCfg = Debug|Any CPU
		{37630774-1321-4E6A-8661-4430A8946E9E}.Debug|.NET.Build.0 = Debug|Any CPU
		{37630774-1321-4E6A-8661-4430A8946E9E}.Debug|Any CPU.ActiveCfg = Debug|Any CPU
		{37630774-1321-4E6A-8661-4430A8946E9E}.Debug|Any CPU.Build.0 = Debug|Any CPU
		{37630774-1321-4E6A-8661-4430A8946E9E}.Debug|Mixed Platforms.ActiveCfg = Debug|Any CPU
		{37630774-1321-4E6A-8661-4430A8946E9E}.Debug|Mixed Platforms.Build.0 = Debug|Any CPU
		{37630774-1321-4E6A-8661-4430A8946E9E}.Debug|Win32.ActiveCfg = Debug|Any CPU
		{37630774-1321-4E6A-8661-4430A8946E9E}.Debug|x64.ActiveCfg = Debug|Any CPU
		{37630774-1321-4E6A-8661-4430A8946E9E}.Debug|x86.ActiveCfg = Debug|Any CPU
		{37630774-1321-4E6A-8661-4430A8946E9E}.Release|.NET.ActiveCfg = Release|Any CPU
		{37630774-1321-4E6A-8661-4430A8946E9E}.Release|.NET.Build.0 = Release|Any CPU
		{37630774-1321-4E6A-8661-4430A8946E9E}.Release|Any CPU.ActiveCfg = Release|Any CPU
		{37630774-1321-4E6A-8661-4430A8946E9E}.Release|Any CPU.Build.0 = Release|Any CPU
		{37630774-1321-4E6A-8661-4430A8946E9E}.Release|Mixed Platforms.ActiveCfg = Release|Any CPU
		{37630774-1321-4E6A-8661-4430A8946E9E}.Release|Mixed Platforms.Build.0 = Release|Any CPU
		{37630774-1321-4E6A-8661-4430A8946E9E}.Release|Win32.ActiveCfg = Release|Any CPU
		{37630774-1321-4E6A-8661-4430A8946E9E}.Release|x64.ActiveCfg = Release|Any CPU
		{37630774-1321-4E6A-8661-4430A8946E9E}.Release|x86.ActiveCfg = Release|Any CPU
		{F00C33EB-EDA4-4980-AC2A-0BF574913A24}.Debug|.NET.ActiveCfg = Debug|Any CPU
		{F00C33EB-EDA4-4980-AC2A-0BF574913A24}.Debug|.NET.Build.0 = Debug|Any CPU
		{F00C33EB-EDA4-4980-AC2A-0BF574913A24}.Debug|Any CPU.ActiveCfg = Debug|Any CPU
		{F00C33EB-EDA4-4980-AC2A-0BF574913A24}.Debug|Any CPU.Build.0 = Debug|Any CPU
		{F00C33EB-EDA4-4980-AC2A-0BF574913A24}.Debug|Mixed Platforms.ActiveCfg = Debug|Any CPU
		{F00C33EB-EDA4-4980-AC2A-0BF574913A24}.Debug|Mixed Platforms.Build.0 = Debug|Any CPU
		{F00C33EB-EDA4-4980-AC2A-0BF574913A24}.Debug|Win32.ActiveCfg = Debug|Any CPU
		{F00C33EB-EDA4-4980-AC2A-0BF574913A24}.Debug|x64.ActiveCfg = Debug|Any CPU
		{F00C33EB-EDA4-4980-AC2A-0BF574913A24}.Debug|x86.ActiveCfg = Debug|Any CPU
		{F00C33EB-EDA4-4980-AC2A-0BF574913A24}.Release|.NET.ActiveCfg = Release|Any CPU
		{F00C33EB-EDA4-4980-AC2A-0BF574913A24}.Release|.NET.Build.0 = Release|Any CPU
		{F00C33EB-EDA4-4980-AC2A-0BF574913A24}.Release|Any CPU.ActiveCfg = Release|Any CPU
		{F00C33EB-EDA4-4980-AC2A-0BF574913A24}.Release|Any CPU.Build.0 = Release|Any CPU
		{F00C33EB-EDA4-4980-AC2A-0BF574913A24}.Release|Mixed Platforms.ActiveCfg = Release|Any CPU
		{F00C33EB-EDA4-4980-AC2A-0BF574913A24}.Release|Mixed Platforms.Build.0 = Release|Any CPU
		{F00C33EB-EDA4-4980-AC2A-0BF574913A24}.Release|Win32.ActiveCfg = Release|Any CPU
		{F00C33EB-EDA4-4980-AC2A-0BF574913A24}.Release|x64.ActiveCfg = Release|Any CPU
		{F00C33EB-EDA4-4980-AC2A-0BF574913A24}.Release|x86.ActiveCfg = Release|Any CPU
		{18B5646A-5AE4-4B6D-AE6B-71A8593C4400}.Debug|.NET.ActiveCfg = Debug|Win32
		{18B5646A-5AE4-4B6D-AE6B-71A8593C4400}.Debug|.NET.Build.0 = Debug|Win32
		{18B5646A-5AE4-4B6D-AE6B-71A8593C4400}.Debug|Any CPU.ActiveCfg = Debug|Win32
		{18B5646A-5AE4-4B6D-AE6B-71A8593C4400}.Debug|Mixed Platforms.ActiveCfg = Debug|Win32
		{18B5646A-5AE4-4B6D-AE6B-71A8593C4400}.Debug|Mixed Platforms.Build.0 = Debug|Win32
		{18B5646A-5AE4-4B6D-AE6B-71A8593C4400}.Debug|Win32.ActiveCfg = Debug|Win32
		{18B5646A-5AE4-4B6D-AE6B-71A8593C4400}.Debug|Win32.Build.0 = Debug|Win32
		{18B5646A-5AE4-4B6D-AE6B-71A8593C4400}.Debug|x64.ActiveCfg = Debug|Win32
		{18B5646A-5AE4-4B6D-AE6B-71A8593C4400}.Debug|x86.ActiveCfg = Debug|Win32
		{18B5646A-5AE4-4B6D-AE6B-71A8593C4400}.Release|.NET.ActiveCfg = Release|Win32
		{18B5646A-5AE4-4B6D-AE6B-71A8593C4400}.Release|.NET.Build.0 = Release|Win32
		{18B5646A-5AE4-4B6D-AE6B-71A8593C4400}.Release|Any CPU.ActiveCfg = Release|Win32
		{18B5646A-5AE4-4B6D-AE6B-71A8593C4400}.Release|Mixed Platforms.ActiveCfg = Release|Win32
		{18B5646A-5AE4-4B6D-AE6B-71A8593C4400}.Release|Mixed Platforms.Build.0 = Release|Win32
		{18B5646A-5AE4-4B6D-AE6B-71A8593C4400}.Release|Win32.ActiveCfg = Release|Win32
		{18B5646A-5AE4-4B6D-AE6B-71A8593C4400}.Release|Win32.Build.0 = Release|Win32
		{18B5646A-5AE4-4B6D-AE6B-71A8593C4400}.Release|x64.ActiveCfg = Release|Win32
		{18B5646A-5AE4-4B6D-AE6B-71A8593C4400}.Release|x86.ActiveCfg = Release|Win32
		{14E7CAAC-D9F0-47DB-B97A-C3FE72E817BB}.Debug|.NET.ActiveCfg = Debug|Win32
		{14E7CAAC-D9F0-47DB-B97A-C3FE72E817BB}.Debug|.NET.Build.0 = Debug|Win32
		{14E7CAAC-D9F0-47DB-B97A-C3FE72E817BB}.Debug|Any CPU.ActiveCfg = Debug|Win32
		{14E7CAAC-D9F0-47DB-B97A-C3FE72E817BB}.Debug|Mixed Platforms.ActiveCfg = Debug|Win32
		{14E7CAAC-D9F0-47DB-B97A-C3FE72E817BB}.Debug|Mixed Platforms.Build.0 = Debug|Win32
		{14E7CAAC-D9F0-47DB-B97A-C3FE72E817BB}.Debug|Win32.ActiveCfg = Debug|Win32
		{14E7CAAC-D9F0-47DB-B97A-C3FE72E817BB}.Debug|Win32.Build.0 = Debug|Win32
		{14E7CAAC-D9F0-47DB-B97A-C3FE72E817BB}.Debug|x64.ActiveCfg = Debug|Win32
		{14E7CAAC-D9F0-47DB-B97A-C3FE72E817BB}.Debug|x86.ActiveCfg = Debug|Win32
		{14E7CAAC-D9F0-47DB-B97A-C3FE72E817BB}.Release|.NET.ActiveCfg = Release|Win32
		{14E7CAAC-D9F0-47DB-B97A-C3FE72E817BB}.Release|.NET.Build.0 = Release|Win32
		{14E7CAAC-D9F0-47DB-B97A-C3FE72E817BB}.Release|Any CPU.ActiveCfg = Release|Win32
		{14E7CAAC-D9F0-47DB-B97A-C3FE72E817BB}.Release|Mixed Platforms.ActiveCfg = Release|Win32
		{14E7CAAC-D9F0-47DB-B97A-C3FE72E817BB}.Release|Mixed Platforms.Build.0 = Release|Win32
		{14E7CAAC-D9F0-47DB-B97A-C3FE72E817BB}.Release|Win32.ActiveCfg = Release|Win32
		{14E7CAAC-D9F0-47DB-B97A-C3FE72E817BB}.Release|Win32.Build.0 = Release|Win32
		{14E7CAAC-D9F0-47DB-B97A-C3FE72E817BB}.Release|x64.ActiveCfg = Release|Win32
		{14E7CAAC-D9F0-47DB-B97A-C3FE72E817BB}.Release|x86.ActiveCfg = Release|Win32
		{7AB24DD4-B35C-4501-860C-541ED62EADBB}.Debug|.NET.ActiveCfg = Debug|Win32
		{7AB24DD4-B35C-4501-860C-541ED62EADBB}.Debug|.NET.Build.0 = Debug|Win32
		{7AB24DD4-B35C-4501-860C-541ED62EADBB}.Debug|Any CPU.ActiveCfg = Debug|Win32
		{7AB24DD4-B35C-4501-860C-541ED62EADBB}.Debug|Mixed Platforms.ActiveCfg = Debug|Win32
		{7AB24DD4-B35C-4501-860C-541ED62EADBB}.Debug|Mixed Platforms.Build.0 = Debug|Win32
		{7AB24DD4-B35C-4501-860C-541ED62EADBB}.Debug|Win32.ActiveCfg = Debug|Win32
		{7AB24DD4-B35C-4501-860C-541ED62EADBB}.Debug|Win32.Build.0 = Debug|Win32
		{7AB24DD4-B35C-4501-860C-541ED62EADBB}.Debug|x64.ActiveCfg = Debug|Win32
		{7AB24DD4-B35C-4501-860C-541ED62EADBB}.Debug|x86.ActiveCfg = Debug|Win32
		{7AB24DD4-B35C-4501-860C-541ED62EADBB}.Release|.NET.ActiveCfg = Release|Win32
		{7AB24DD4-B35C-4501-860C-541ED62EADBB}.Release|.NET.Build.0 = Release|Win32
		{7AB24DD4-B35C-4501-860C-541ED62EADBB}.Release|Any CPU.ActiveCfg = Release|Win32
		{7AB24DD4-B35C-4501-860C-541ED62EADBB}.Release|Mixed Platforms.ActiveCfg = Release|Win32
		{7AB24DD4-B35C-4501-860C-541ED62EADBB}.Release|Mixed Platforms.Build.0 = Release|Win32
		{7AB24DD4-B35C-4501-860C-541ED62EADBB}.Release|Win32.ActiveCfg = Release|Win32
		{7AB24DD4-B35C-4501-860C-541ED62EADBB}.Release|Win32.Build.0 = Release|Win32
		{7AB24DD4-B35C-4501-860C-541ED62EADBB}.Release|x64.ActiveCfg = Release|Win32
		{7AB24DD4-B35C-4501-860C-541ED62EADBB}.Release|x86.ActiveCfg = Release|Win32
		{EE3D1A7F-BCF0-4AC8-BC85-7D3462E21D60}.Debug|.NET.ActiveCfg = Debug|Win32
		{EE3D1A7F-BCF0-4AC8-BC85-7D3462E21D60}.Debug|.NET.Build.0 = Debug|Win32
		{EE3D1A7F-BCF0-4AC8-BC85-7D3462E21D60}.Debug|Any CPU.ActiveCfg = Debug|Win32
		{EE3D1A7F-BCF0-4AC8-BC85-7D3462E21D60}.Debug|Mixed Platforms.ActiveCfg = Debug|Win32
		{EE3D1A7F-BCF0-4AC8-BC85-7D3462E21D60}.Debug|Mixed Platforms.Build.0 = Debug|Win32
		{EE3D1A7F-BCF0-4AC8-BC85-7D3462E21D60}.Debug|Win32.ActiveCfg = Debug|Win32
		{EE3D1A7F-BCF0-4AC8-BC85-7D3462E21D60}.Debug|Win32.Build.0 = Debug|Win32
		{EE3D1A7F-BCF0-4AC8-BC85-7D3462E21D60}.Debug|x64.ActiveCfg = Debug|Win32
		{EE3D1A7F-BCF0-4AC8-BC85-7D3462E21D60}.Debug|x86.ActiveCfg = Debug|Win32
		{EE3D1A7F-BCF0-4AC8-BC85-7D3462E21D60}.Release|.NET.ActiveCfg = Release|Win32
		{EE3D1A7F-BCF0-4AC8-BC85-7D3462E21D60}.Release|.NET.Build.0 = Release|Win32
		{EE3D1A7F-BCF0-4AC8-BC85-7D3462E21D60}.Release|Any CPU.ActiveCfg = Release|Win32
		{EE3D1A7F-BCF0-4AC8-BC85-7D3462E21D60}.Release|Mixed Platforms.ActiveCfg = Release|Win32
		{EE3D1A7F-BCF0-4AC8-BC85-7D3462E21D60}.Release|Mixed Platforms.Build.0 = Release|Win32
		{EE3D1A7F-BCF0-4AC8-BC85-7D3462E21D60}.Release|Win32.ActiveCfg = Release|Win32
		{EE3D1A7F-BCF0-4AC8-BC85-7D3462E21D60}.Release|Win32.Build.0 = Release|Win32
		{EE3D1A7F-BCF0-4AC8-BC85-7D3462E21D60}.Release|x64.ActiveCfg = Release|Win32
		{EE3D1A7F-BCF0-4AC8-BC85-7D3462E21D60}.Release|x86.ActiveCfg = Release|Win32
		{1084C992-141E-419C-A63E-3870C2890571}.Debug|.NET.ActiveCfg = Debug|Win32
		{1084C992-141E-419C-A63E-3870C2890571}.Debug|.NET.Build.0 = Debug|Win32
		{1084C992-141E-419C-A63E-3870C2890571}.Debug|Any CPU.ActiveCfg = Debug|Win32
		{1084C992-141E-419C-A63E-3870C2890571}.Debug|Mixed Platforms.ActiveCfg = Debug|Win32
		{1084C992-141E-419C-A63E-3870C2890571}.Debug|Mixed Platforms.Build.0 = Debug|Win32
		{1084C992-141E-419C-A63E-3870C2890571}.Debug|Win32.ActiveCfg = Debug|Win32
		{1084C992-141E-419C-A63E-3870C2890571}.Debug|Win32.Build.0 = Debug|Win32
		{1084C992-141E-419C-A63E-3870C2890571}.Debug|x64.ActiveCfg = Debug|Win32
		{1084C992-141E-419C-A63E-3870C2890571}.Debug|x86.ActiveCfg = Debug|Win32
		{1084C992-141E-419C-A63E-3870C2890571}.Release|.NET.ActiveCfg = Release|Win32
		{1084C992-141E-419C-A63E-3870C2890571}.Release|.NET.Build.0 = Release|Win32
		{1084C992-141E-419C-A63E-3870C2890571}.Release|Any CPU.ActiveCfg = Release|Win32
		{1084C992-141E-419C-A63E-3870C2890571}.Release|Mixed Platforms.ActiveCfg = Release|Win32
		{1084C992-141E-419C-A63E-3870C2890571}.Release|Mixed Platforms.Build.0 = Release|Win32
		{1084C992-141E-419C-A63E-3870C2890571}.Release|Win32.ActiveCfg = Release|Win32
		{1084C992-141E-419C-A63E-3870C2890571}.Release|Win32.Build.0 = Release|Win32
		{1084C992-141E-419C-A63E-3870C2890571}.Release|x64.ActiveCfg = Release|Win32
		{1084C992-141E-419C-A63E-3870C2890571}.Release|x86.ActiveCfg = Release|Win32
		{C12076FA-B3EF-4C62-841B-BE7BF6E4754B}.Debug|.NET.ActiveCfg = Debug
		{C12076FA-B3EF-4C62-841B-BE7BF6E4754B}.Debug|Any CPU.ActiveCfg = Debug
		{C12076FA-B3EF-4C62-841B-BE7BF6E4754B}.Debug|Mixed Platforms.ActiveCfg = Debug
		{C12076FA-B3EF-4C62-841B-BE7BF6E4754B}.Debug|Win32.ActiveCfg = Debug
		{C12076FA-B3EF-4C62-841B-BE7BF6E4754B}.Debug|x64.ActiveCfg = Debug
		{C12076FA-B3EF-4C62-841B-BE7BF6E4754B}.Debug|x86.ActiveCfg = Debug
		{C12076FA-B3EF-4C62-841B-BE7BF6E4754B}.Debug|x86.Build.0 = Debug
		{C12076FA-B3EF-4C62-841B-BE7BF6E4754B}.Release|.NET.ActiveCfg = Release
		{C12076FA-B3EF-4C62-841B-BE7BF6E4754B}.Release|Any CPU.ActiveCfg = Release
		{C12076FA-B3EF-4C62-841B-BE7BF6E4754B}.Release|Mixed Platforms.ActiveCfg = Release
		{C12076FA-B3EF-4C62-841B-BE7BF6E4754B}.Release|Win32.ActiveCfg = Release
		{C12076FA-B3EF-4C62-841B-BE7BF6E4754B}.Release|x64.ActiveCfg = Release
		{C12076FA-B3EF-4C62-841B-BE7BF6E4754B}.Release|x86.ActiveCfg = Release
		{C12076FA-B3EF-4C62-841B-BE7BF6E4754B}.Release|x86.Build.0 = Release
		{5F357488-8DEF-4E95-874E-FC526D92DE29}.Debug|.NET.ActiveCfg = Debug|Any CPU
		{5F357488-8DEF-4E95-874E-FC526D92DE29}.Debug|Any CPU.ActiveCfg = Debug|Any CPU
		{5F357488-8DEF-4E95-874E-FC526D92DE29}.Debug|Any CPU.Build.0 = Debug|Any CPU
		{5F357488-8DEF-4E95-874E-FC526D92DE29}.Debug|Mixed Platforms.ActiveCfg = Debug|Any CPU
		{5F357488-8DEF-4E95-874E-FC526D92DE29}.Debug|Mixed Platforms.Build.0 = Debug|Any CPU
		{5F357488-8DEF-4E95-874E-FC526D92DE29}.Debug|Win32.ActiveCfg = Debug|Any CPU
		{5F357488-8DEF-4E95-874E-FC526D92DE29}.Debug|x64.ActiveCfg = Debug|Any CPU
		{5F357488-8DEF-4E95-874E-FC526D92DE29}.Debug|x86.ActiveCfg = Debug|Any CPU
		{5F357488-8DEF-4E95-874E-FC526D92DE29}.Release|.NET.ActiveCfg = Release|Any CPU
		{5F357488-8DEF-4E95-874E-FC526D92DE29}.Release|Any CPU.ActiveCfg = Release|Any CPU
		{5F357488-8DEF-4E95-874E-FC526D92DE29}.Release|Any CPU.Build.0 = Release|Any CPU
		{5F357488-8DEF-4E95-874E-FC526D92DE29}.Release|Mixed Platforms.ActiveCfg = Release|Any CPU
		{5F357488-8DEF-4E95-874E-FC526D92DE29}.Release|Mixed Platforms.Build.0 = Release|Any CPU
		{5F357488-8DEF-4E95-874E-FC526D92DE29}.Release|Win32.ActiveCfg = Release|Any CPU
		{5F357488-8DEF-4E95-874E-FC526D92DE29}.Release|x64.ActiveCfg = Release|Any CPU
		{5F357488-8DEF-4E95-874E-FC526D92DE29}.Release|x86.ActiveCfg = Release|Any CPU
		{010E1702-3045-4B13-BFB6-06FFC60B5CBB}.Debug|.NET.ActiveCfg = Debug|Any CPU
		{010E1702-3045-4B13-BFB6-06FFC60B5CBB}.Debug|Any CPU.ActiveCfg = Debug|Any CPU
		{010E1702-3045-4B13-BFB6-06FFC60B5CBB}.Debug|Any CPU.Build.0 = Debug|Any CPU
		{010E1702-3045-4B13-BFB6-06FFC60B5CBB}.Debug|Mixed Platforms.ActiveCfg = Debug|Any CPU
		{010E1702-3045-4B13-BFB6-06FFC60B5CBB}.Debug|Mixed Platforms.Build.0 = Debug|Any CPU
		{010E1702-3045-4B13-BFB6-06FFC60B5CBB}.Debug|Win32.ActiveCfg = Debug|Any CPU
		{010E1702-3045-4B13-BFB6-06FFC60B5CBB}.Debug|x64.ActiveCfg = Debug|Any CPU
		{010E1702-3045-4B13-BFB6-06FFC60B5CBB}.Debug|x86.ActiveCfg = Debug|Any CPU
		{010E1702-3045-4B13-BFB6-06FFC60B5CBB}.Release|.NET.ActiveCfg = Release|Any CPU
		{010E1702-3045-4B13-BFB6-06FFC60B5CBB}.Release|Any CPU.ActiveCfg = Release|Any CPU
		{010E1702-3045-4B13-BFB6-06FFC60B5CBB}.Release|Any CPU.Build.0 = Release|Any CPU
		{010E1702-3045-4B13-BFB6-06FFC60B5CBB}.Release|Mixed Platforms.ActiveCfg = Release|Any CPU
		{010E1702-3045-4B13-BFB6-06FFC60B5CBB}.Release|Mixed Platforms.Build.0 = Release|Any CPU
		{010E1702-3045-4B13-BFB6-06FFC60B5CBB}.Release|Win32.ActiveCfg = Release|Any CPU
		{010E1702-3045-4B13-BFB6-06FFC60B5CBB}.Release|x64.ActiveCfg = Release|Any CPU
		{010E1702-3045-4B13-BFB6-06FFC60B5CBB}.Release|x86.ActiveCfg = Release|Any CPU
	EndGlobalSection
	GlobalSection(SolutionProperties) = preSolution
		HideSolutionNode = FALSE
	EndGlobalSection
	GlobalSection(NestedProjects) = preSolution
		{18B5646A-5AE4-4B6D-AE6B-71A8593C4400} = {D6573F74-1BD5-4165-AC85-3422A4144E2A}
		{14E7CAAC-D9F0-47DB-B97A-C3FE72E817BB} = {D6573F74-1BD5-4165-AC85-3422A4144E2A}
		{7AB24DD4-B35C-4501-860C-541ED62EADBB} = {D6573F74-1BD5-4165-AC85-3422A4144E2A}
		{EE3D1A7F-BCF0-4AC8-BC85-7D3462E21D60} = {D6573F74-1BD5-4165-AC85-3422A4144E2A}
		{1084C992-141E-419C-A63E-3870C2890571} = {D6573F74-1BD5-4165-AC85-3422A4144E2A}
	EndGlobalSection
EndGlobal
