Microsoft Visual Studio Solution File, Format Version 12.00
# Visual Studio 15
VisualStudioVersion = 15.0.27130.2010
MinimumVisualStudioVersion = 10.0.40219.1
Project("{FAE04EC0-301F-11D3-BF4B-00C04F79EFBC}") = "Myrtille.Common", "Myrtille.Common\Myrtille.Common.csproj", "{37630774-1321-4E6A-8661-4430A8946E9E}"
EndProject
Project("{FAE04EC0-301F-11D3-BF4B-00C04F79EFBC}") = "Myrtille.Web", "Myrtille.Web\Myrtille.Web.csproj", "{F00C33EB-EDA4-4980-AC2A-0BF574913A24}"
EndProject
Project("{54435603-DBB4-11D2-8724-00A0C9A8B90C}") = "Myrtille.Setup", "Myrtille.Setup\Myrtille.Setup.vdproj", "{C12076FA-B3EF-4C62-841B-BE7BF6E4754B}"
EndProject
Project("{FAE04EC0-301F-11D3-BF4B-00C04F79EFBC}") = "Myrtille.Services", "Myrtille.Services\Myrtille.Services.csproj", "{5F357488-8DEF-4E95-874E-FC526D92DE29}"
EndProject
Project("{FAE04EC0-301F-11D3-BF4B-00C04F79EFBC}") = "Myrtille.Services.Contracts", "Myrtille.Services.Contracts\Myrtille.Services.Contracts.csproj", "{010E1702-3045-4B13-BFB6-06FFC60B5CBB}"
EndProject
Project("{2150E333-8FDC-42A3-9474-1A3956D46DE8}") = "Myrtille.Documents", "Myrtille.Documents", "{DF086F4D-FE52-459E-9267-4B5A3D347375}"
	ProjectSection(SolutionItems) = preProject
		CHANGELOG = CHANGELOG
		DISCLAIMERS.md = DISCLAIMERS.md
		DOCUMENTATION.md = DOCUMENTATION.md
		LICENSE = LICENSE
		README.md = README.md
	EndProjectSection
EndProject
Project("{FAE04EC0-301F-11D3-BF4B-00C04F79EFBC}") = "Myrtille.MFAProviders", "Myrtille.MFAProviders\Myrtille.MFAProviders.csproj", "{3573C84D-5FD3-4BAC-BF96-20B9FD0709FF}"
EndProject
Project("{FAE04EC0-301F-11D3-BF4B-00C04F79EFBC}") = "Myrtille.Enterprise", "Myrtille.Enterprise\Myrtille.Enterprise.csproj", "{9E4BF7C3-8EA3-428C-BEA3-06CC3AFCAEB4}"
EndProject
Global
	GlobalSection(SolutionConfigurationPlatforms) = preSolution
		Debug|.NET = Debug|.NET
		Debug|Any CPU = Debug|Any CPU
		Debug|Mixed Platforms = Debug|Mixed Platforms
		Debug|Win32 = Debug|Win32
		Debug|x64 = Debug|x64
		Debug|x86 = Debug|x86
		Release|.NET = Release|.NET
		Release|Any CPU = Release|Any CPU
		Release|Mixed Platforms = Release|Mixed Platforms
		Release|Win32 = Release|Win32
		Release|x64 = Release|x64
		Release|x86 = Release|x86
	EndGlobalSection
	GlobalSection(ProjectConfigurationPlatforms) = postSolution
		{37630774-1321-4E6A-8661-4430A8946E9E}.Debug|.NET.ActiveCfg = Debug|Any CPU
		{37630774-1321-4E6A-8661-4430A8946E9E}.Debug|.NET.Build.0 = Debug|Any CPU
		{37630774-1321-4E6A-8661-4430A8946E9E}.Debug|Any CPU.ActiveCfg = Debug|Any CPU
		{37630774-1321-4E6A-8661-4430A8946E9E}.Debug|Any CPU.Build.0 = Debug|Any CPU
		{37630774-1321-4E6A-8661-4430A8946E9E}.Debug|Mixed Platforms.ActiveCfg = Debug|Any CPU
		{37630774-1321-4E6A-8661-4430A8946E9E}.Debug|Mixed Platforms.Build.0 = Debug|Any CPU
		{37630774-1321-4E6A-8661-4430A8946E9E}.Debug|Win32.ActiveCfg = Debug|Any CPU
		{37630774-1321-4E6A-8661-4430A8946E9E}.Debug|x64.ActiveCfg = Debug|Any CPU
		{37630774-1321-4E6A-8661-4430A8946E9E}.Debug|x86.ActiveCfg = Debug|Any CPU
		{37630774-1321-4E6A-8661-4430A8946E9E}.Release|.NET.ActiveCfg = Release|Any CPU
		{37630774-1321-4E6A-8661-4430A8946E9E}.Release|.NET.Build.0 = Release|Any CPU
		{37630774-1321-4E6A-8661-4430A8946E9E}.Release|Any CPU.ActiveCfg = Release|Any CPU
		{37630774-1321-4E6A-8661-4430A8946E9E}.Release|Any CPU.Build.0 = Release|Any CPU
		{37630774-1321-4E6A-8661-4430A8946E9E}.Release|Mixed Platforms.ActiveCfg = Release|Any CPU
		{37630774-1321-4E6A-8661-4430A8946E9E}.Release|Mixed Platforms.Build.0 = Release|Any CPU
		{37630774-1321-4E6A-8661-4430A8946E9E}.Release|Win32.ActiveCfg = Release|Any CPU
		{37630774-1321-4E6A-8661-4430A8946E9E}.Release|x64.ActiveCfg = Release|Any CPU
		{37630774-1321-4E6A-8661-4430A8946E9E}.Release|x86.ActiveCfg = Release|Any CPU
		{F00C33EB-EDA4-4980-AC2A-0BF574913A24}.Debug|.NET.ActiveCfg = Debug|Any CPU
		{F00C33EB-EDA4-4980-AC2A-0BF574913A24}.Debug|.NET.Build.0 = Debug|Any CPU
		{F00C33EB-EDA4-4980-AC2A-0BF574913A24}.Debug|Any CPU.ActiveCfg = Debug|Any CPU
		{F00C33EB-EDA4-4980-AC2A-0BF574913A24}.Debug|Any CPU.Build.0 = Debug|Any CPU
		{F00C33EB-EDA4-4980-AC2A-0BF574913A24}.Debug|Mixed Platforms.ActiveCfg = Debug|Any CPU
		{F00C33EB-EDA4-4980-AC2A-0BF574913A24}.Debug|Mixed Platforms.Build.0 = Debug|Any CPU
		{F00C33EB-EDA4-4980-AC2A-0BF574913A24}.Debug|Win32.ActiveCfg = Debug|Any CPU
		{F00C33EB-EDA4-4980-AC2A-0BF574913A24}.Debug|x64.ActiveCfg = Debug|Any CPU
		{F00C33EB-EDA4-4980-AC2A-0BF574913A24}.Debug|x86.ActiveCfg = Debug|Any CPU
		{F00C33EB-EDA4-4980-AC2A-0BF574913A24}.Release|.NET.ActiveCfg = Release|Any CPU
		{F00C33EB-EDA4-4980-AC2A-0BF574913A24}.Release|.NET.Build.0 = Release|Any CPU
		{F00C33EB-EDA4-4980-AC2A-0BF574913A24}.Release|Any CPU.ActiveCfg = Release|Any CPU
		{F00C33EB-EDA4-4980-AC2A-0BF574913A24}.Release|Any CPU.Build.0 = Release|Any CPU
		{F00C33EB-EDA4-4980-AC2A-0BF574913A24}.Release|Mixed Platforms.ActiveCfg = Release|Any CPU
		{F00C33EB-EDA4-4980-AC2A-0BF574913A24}.Release|Mixed Platforms.Build.0 = Release|Any CPU
		{F00C33EB-EDA4-4980-AC2A-0BF574913A24}.Release|Win32.ActiveCfg = Release|Any CPU
		{F00C33EB-EDA4-4980-AC2A-0BF574913A24}.Release|x64.ActiveCfg = Release|Any CPU
		{F00C33EB-EDA4-4980-AC2A-0BF574913A24}.Release|x86.ActiveCfg = Release|Any CPU
		{C12076FA-B3EF-4C62-841B-BE7BF6E4754B}.Debug|.NET.ActiveCfg = Debug
		{C12076FA-B3EF-4C62-841B-BE7BF6E4754B}.Debug|Any CPU.ActiveCfg = Debug
		{C12076FA-B3EF-4C62-841B-BE7BF6E4754B}.Debug|Mixed Platforms.ActiveCfg = Debug
		{C12076FA-B3EF-4C62-841B-BE7BF6E4754B}.Debug|Win32.ActiveCfg = Debug
		{C12076FA-B3EF-4C62-841B-BE7BF6E4754B}.Debug|x64.ActiveCfg = Debug
		{C12076FA-B3EF-4C62-841B-BE7BF6E4754B}.Debug|x86.ActiveCfg = Debug
		{C12076FA-B3EF-4C62-841B-BE7BF6E4754B}.Debug|x86.Build.0 = Debug
		{C12076FA-B3EF-4C62-841B-BE7BF6E4754B}.Release|.NET.ActiveCfg = Release
		{C12076FA-B3EF-4C62-841B-BE7BF6E4754B}.Release|Any CPU.ActiveCfg = Release
		{C12076FA-B3EF-4C62-841B-BE7BF6E4754B}.Release|Mixed Platforms.ActiveCfg = Release
		{C12076FA-B3EF-4C62-841B-BE7BF6E4754B}.Release|Win32.ActiveCfg = Release
		{C12076FA-B3EF-4C62-841B-BE7BF6E4754B}.Release|x64.ActiveCfg = Release
		{C12076FA-B3EF-4C62-841B-BE7BF6E4754B}.Release|x86.ActiveCfg = Release
		{C12076FA-B3EF-4C62-841B-BE7BF6E4754B}.Release|x86.Build.0 = Release
		{5F357488-8DEF-4E95-874E-FC526D92DE29}.Debug|.NET.ActiveCfg = Debug|Any CPU
		{5F357488-8DEF-4E95-874E-FC526D92DE29}.Debug|Any CPU.ActiveCfg = Debug|Any CPU
		{5F357488-8DEF-4E95-874E-FC526D92DE29}.Debug|Any CPU.Build.0 = Debug|Any CPU
		{5F357488-8DEF-4E95-874E-FC526D92DE29}.Debug|Mixed Platforms.ActiveCfg = Debug|Any CPU
		{5F357488-8DEF-4E95-874E-FC526D92DE29}.Debug|Mixed Platforms.Build.0 = Debug|Any CPU
		{5F357488-8DEF-4E95-874E-FC526D92DE29}.Debug|Win32.ActiveCfg = Debug|Any CPU
		{5F357488-8DEF-4E95-874E-FC526D92DE29}.Debug|x64.ActiveCfg = Debug|Any CPU
		{5F357488-8DEF-4E95-874E-FC526D92DE29}.Debug|x86.ActiveCfg = Debug|Any CPU
		{5F357488-8DEF-4E95-874E-FC526D92DE29}.Release|.NET.ActiveCfg = Release|Any CPU
		{5F357488-8DEF-4E95-874E-FC526D92DE29}.Release|Any CPU.ActiveCfg = Release|Any CPU
		{5F357488-8DEF-4E95-874E-FC526D92DE29}.Release|Any CPU.Build.0 = Release|Any CPU
		{5F357488-8DEF-4E95-874E-FC526D92DE29}.Release|Mixed Platforms.ActiveCfg = Release|Any CPU
		{5F357488-8DEF-4E95-874E-FC526D92DE29}.Release|Mixed Platforms.Build.0 = Release|Any CPU
		{5F357488-8DEF-4E95-874E-FC526D92DE29}.Release|Win32.ActiveCfg = Release|Any CPU
		{5F357488-8DEF-4E95-874E-FC526D92DE29}.Release|x64.ActiveCfg = Release|Any CPU
		{5F357488-8DEF-4E95-874E-FC526D92DE29}.Release|x86.ActiveCfg = Release|Any CPU
		{010E1702-3045-4B13-BFB6-06FFC60B5CBB}.Debug|.NET.ActiveCfg = Debug|Any CPU
		{010E1702-3045-4B13-BFB6-06FFC60B5CBB}.Debug|Any CPU.ActiveCfg = Debug|Any CPU
		{010E1702-3045-4B13-BFB6-06FFC60B5CBB}.Debug|Any CPU.Build.0 = Debug|Any CPU
		{010E1702-3045-4B13-BFB6-06FFC60B5CBB}.Debug|Mixed Platforms.ActiveCfg = Debug|Any CPU
		{010E1702-3045-4B13-BFB6-06FFC60B5CBB}.Debug|Mixed Platforms.Build.0 = Debug|Any CPU
		{010E1702-3045-4B13-BFB6-06FFC60B5CBB}.Debug|Win32.ActiveCfg = Debug|Any CPU
		{010E1702-3045-4B13-BFB6-06FFC60B5CBB}.Debug|x64.ActiveCfg = Debug|Any CPU
		{010E1702-3045-4B13-BFB6-06FFC60B5CBB}.Debug|x86.ActiveCfg = Debug|Any CPU
		{010E1702-3045-4B13-BFB6-06FFC60B5CBB}.Release|.NET.ActiveCfg = Release|Any CPU
		{010E1702-3045-4B13-BFB6-06FFC60B5CBB}.Release|Any CPU.ActiveCfg = Release|Any CPU
		{010E1702-3045-4B13-BFB6-06FFC60B5CBB}.Release|Any CPU.Build.0 = Release|Any CPU
		{010E1702-3045-4B13-BFB6-06FFC60B5CBB}.Release|Mixed Platforms.ActiveCfg = Release|Any CPU
		{010E1702-3045-4B13-BFB6-06FFC60B5CBB}.Release|Mixed Platforms.Build.0 = Release|Any CPU
		{010E1702-3045-4B13-BFB6-06FFC60B5CBB}.Release|Win32.ActiveCfg = Release|Any CPU
		{010E1702-3045-4B13-BFB6-06FFC60B5CBB}.Release|x64.ActiveCfg = Release|Any CPU
		{010E1702-3045-4B13-BFB6-06FFC60B5CBB}.Release|x86.ActiveCfg = Release|Any CPU
		{3573C84D-5FD3-4BAC-BF96-20B9FD0709FF}.Debug|.NET.ActiveCfg = Debug|Any CPU
		{3573C84D-5FD3-4BAC-BF96-20B9FD0709FF}.Debug|.NET.Build.0 = Debug|Any CPU
		{3573C84D-5FD3-4BAC-BF96-20B9FD0709FF}.Debug|Any CPU.ActiveCfg = Debug|Any CPU
		{3573C84D-5FD3-4BAC-BF96-20B9FD0709FF}.Debug|Any CPU.Build.0 = Debug|Any CPU
		{3573C84D-5FD3-4BAC-BF96-20B9FD0709FF}.Debug|Mixed Platforms.ActiveCfg = Debug|Any CPU
		{3573C84D-5FD3-4BAC-BF96-20B9FD0709FF}.Debug|Mixed Platforms.Build.0 = Debug|Any CPU
		{3573C84D-5FD3-4BAC-BF96-20B9FD0709FF}.Debug|Win32.ActiveCfg = Debug|Any CPU
		{3573C84D-5FD3-4BAC-BF96-20B9FD0709FF}.Debug|Win32.Build.0 = Debug|Any CPU
		{3573C84D-5FD3-4BAC-BF96-20B9FD0709FF}.Debug|x64.ActiveCfg = Debug|Any CPU
		{3573C84D-5FD3-4BAC-BF96-20B9FD0709FF}.Debug|x64.Build.0 = Debug|Any CPU
		{3573C84D-5FD3-4BAC-BF96-20B9FD0709FF}.Debug|x86.ActiveCfg = Debug|Any CPU
		{3573C84D-5FD3-4BAC-BF96-20B9FD0709FF}.Debug|x86.Build.0 = Debug|Any CPU
		{3573C84D-5FD3-4BAC-BF96-20B9FD0709FF}.Release|.NET.ActiveCfg = Release|Any CPU
		{3573C84D-5FD3-4BAC-BF96-20B9FD0709FF}.Release|.NET.Build.0 = Release|Any CPU
		{3573C84D-5FD3-4BAC-BF96-20B9FD0709FF}.Release|Any CPU.ActiveCfg = Release|Any CPU
		{3573C84D-5FD3-4BAC-BF96-20B9FD0709FF}.Release|Any CPU.Build.0 = Release|Any CPU
		{3573C84D-5FD3-4BAC-BF96-20B9FD0709FF}.Release|Mixed Platforms.ActiveCfg = Release|Any CPU
		{3573C84D-5FD3-4BAC-BF96-20B9FD0709FF}.Release|Mixed Platforms.Build.0 = Release|Any CPU
		{3573C84D-5FD3-4BAC-BF96-20B9FD0709FF}.Release|Win32.ActiveCfg = Release|Any CPU
		{3573C84D-5FD3-4BAC-BF96-20B9FD0709FF}.Release|Win32.Build.0 = Release|Any CPU
		{3573C84D-5FD3-4BAC-BF96-20B9FD0709FF}.Release|x64.ActiveCfg = Release|Any CPU
		{3573C84D-5FD3-4BAC-BF96-20B9FD0709FF}.Release|x64.Build.0 = Release|Any CPU
		{3573C84D-5FD3-4BAC-BF96-20B9FD0709FF}.Release|x86.ActiveCfg = Release|Any CPU
		{3573C84D-5FD3-4BAC-BF96-20B9FD0709FF}.Release|x86.Build.0 = Release|Any CPU
		{9E4BF7C3-8EA3-428C-BEA3-06CC3AFCAEB4}.Debug|.NET.ActiveCfg = Debug|Any CPU
		{9E4BF7C3-8EA3-428C-BEA3-06CC3AFCAEB4}.Debug|.NET.Build.0 = Debug|Any CPU
		{9E4BF7C3-8EA3-428C-BEA3-06CC3AFCAEB4}.Debug|Any CPU.ActiveCfg = Debug|Any CPU
		{9E4BF7C3-8EA3-428C-BEA3-06CC3AFCAEB4}.Debug|Any CPU.Build.0 = Debug|Any CPU
		{9E4BF7C3-8EA3-428C-BEA3-06CC3AFCAEB4}.Debug|Mixed Platforms.ActiveCfg = Debug|Any CPU
		{9E4BF7C3-8EA3-428C-BEA3-06CC3AFCAEB4}.Debug|Mixed Platforms.Build.0 = Debug|Any CPU
		{9E4BF7C3-8EA3-428C-BEA3-06CC3AFCAEB4}.Debug|Win32.ActiveCfg = Debug|Any CPU
		{9E4BF7C3-8EA3-428C-BEA3-06CC3AFCAEB4}.Debug|Win32.Build.0 = Debug|Any CPU
		{9E4BF7C3-8EA3-428C-BEA3-06CC3AFCAEB4}.Debug|x64.ActiveCfg = Debug|Any CPU
		{9E4BF7C3-8EA3-428C-BEA3-06CC3AFCAEB4}.Debug|x64.Build.0 = Debug|Any CPU
		{9E4BF7C3-8EA3-428C-BEA3-06CC3AFCAEB4}.Debug|x86.ActiveCfg = Debug|Any CPU
		{9E4BF7C3-8EA3-428C-BEA3-06CC3AFCAEB4}.Debug|x86.Build.0 = Debug|Any CPU
		{9E4BF7C3-8EA3-428C-BEA3-06CC3AFCAEB4}.Release|.NET.ActiveCfg = Release|Any CPU
		{9E4BF7C3-8EA3-428C-BEA3-06CC3AFCAEB4}.Release|.NET.Build.0 = Release|Any CPU
		{9E4BF7C3-8EA3-428C-BEA3-06CC3AFCAEB4}.Release|Any CPU.ActiveCfg = Release|Any CPU
		{9E4BF7C3-8EA3-428C-BEA3-06CC3AFCAEB4}.Release|Any CPU.Build.0 = Release|Any CPU
		{9E4BF7C3-8EA3-428C-BEA3-06CC3AFCAEB4}.Release|Mixed Platforms.ActiveCfg = Release|Any CPU
		{9E4BF7C3-8EA3-428C-BEA3-06CC3AFCAEB4}.Release|Mixed Platforms.Build.0 = Release|Any CPU
		{9E4BF7C3-8EA3-428C-BEA3-06CC3AFCAEB4}.Release|Win32.ActiveCfg = Release|Any CPU
		{9E4BF7C3-8EA3-428C-BEA3-06CC3AFCAEB4}.Release|Win32.Build.0 = Release|Any CPU
		{9E4BF7C3-8EA3-428C-BEA3-06CC3AFCAEB4}.Release|x64.ActiveCfg = Release|Any CPU
		{9E4BF7C3-8EA3-428C-BEA3-06CC3AFCAEB4}.Release|x64.Build.0 = Release|Any CPU
		{9E4BF7C3-8EA3-428C-BEA3-06CC3AFCAEB4}.Release|x86.ActiveCfg = Release|Any CPU
		{9E4BF7C3-8EA3-428C-BEA3-06CC3AFCAEB4}.Release|x86.Build.0 = Release|Any CPU
	EndGlobalSection
	GlobalSection(SolutionProperties) = preSolution
		HideSolutionNode = FALSE
	EndGlobalSection
	GlobalSection(ExtensibilityGlobals) = postSolution
		SolutionGuid = {5A9EEADE-56B8-47F1-A860-6437A1A68F06}
	EndGlobalSection
EndGlobal
