{
  "requires": true,
  "lockfileVersion": 1,
  "dependencies": {
    "@interactjs/types": {
      "version": "1.10.8",
      "resolved": "https://registry.npmjs.org/@interactjs/types/-/types-1.10.8.tgz",
      "integrity": "sha512-qU2QfnN7r8AU4mSd2W3XmRtR0d35R1PReIT9b5YzpNLX9S0OQgNBLrEEFyXpa9alq/9h6wYNIwPCVAsknF5uZw=="
    },
    "interactjs": {
      "version": "1.10.8",
      "resolved": "https://registry.npmjs.org/interactjs/-/interactjs-1.10.8.tgz",
      "integrity": "sha512-hIU82lF9mplmAHVTUmZbHMHKm96AwlD0zWGuf9krKt2dhALHsMOdU+yVilPqIv1VpNAGV66F9B14Rfs4ulS2nA==",
      "requires": {
        "@interactjs/types": "1.10.8"
      }
    },
    "simple-keyboard": {
      "version": "2.32.119",
      "resolved": "https://registry.npmjs.org/simple-keyboard/-/simple-keyboard-2.32.119.tgz",
      "integrity": "sha512-PUx/L4h/yxJQhzOl6TNHa2yuW3Ogb8TuNLbdj9XWZg6Ij3+VC0N00iGoGeguZQAJ7uQifxl2Az/MlfrT28GFoQ=="
    },
    "simple-keyboard-layouts": {
      "version": "1.15.155",
      "resolved": "https://registry.npmjs.org/simple-keyboard-layouts/-/simple-keyboard-layouts-1.15.155.tgz",
      "integrity": "sha512-Jga41PjJf39qPGxP5+2zOxmqwDdJY1fxqNhz/geq58DC8x/NjkVB5/WpxOGMac/i6uQ2EBQdWO2rzozbnVkzuw=="
    }
  }
}
