<?xml version="1.0" encoding="utf-8"?>
<Project ToolsVersion="4.0" xmlns="http://schemas.microsoft.com/developer/msbuild/2003">
  <ItemGroup>
    <Filter Include="Source Files">
      <UniqueIdentifier>{4FC737F1-C7A5-4376-A066-2A32D752A2FF}</UniqueIdentifier>
      <Extensions>cpp;c;cc;cxx;def;odl;idl;hpj;bat;asm;asmx</Extensions>
    </Filter>
    <Filter Include="Header Files">
      <UniqueIdentifier>{93995380-89BD-4b04-88EB-625FBE52EBFB}</UniqueIdentifier>
      <Extensions>h;hpp;hxx;hm;inl;inc;xsd</Extensions>
    </Filter>
  </ItemGroup>
  <ItemGroup>
    <ClCompile Include="..\..\asn1\asn_codecs_prim.c">
      <Filter>Source Files</Filter>
    </ClCompile>
    <ClCompile Include="..\..\asn1\asn_SEQUENCE_OF.c">
      <Filter>Source Files</Filter>
    </ClCompile>
    <ClCompile Include="..\..\asn1\asn_SET_OF.c">
      <Filter>Source Files</Filter>
    </ClCompile>
    <ClCompile Include="..\..\asn1\ber_decoder.c">
      <Filter>Source Files</Filter>
    </ClCompile>
    <ClCompile Include="..\..\asn1\ber_tlv_length.c">
      <Filter>Source Files</Filter>
    </ClCompile>
    <ClCompile Include="..\..\asn1\ber_tlv_tag.c">
      <Filter>Source Files</Filter>
    </ClCompile>
    <ClCompile Include="..\..\asn1\BIT_STRING.c">
      <Filter>Source Files</Filter>
    </ClCompile>
    <ClCompile Include="..\..\asn1\constr_CHOICE.c">
      <Filter>Source Files</Filter>
    </ClCompile>
    <ClCompile Include="..\..\asn1\constr_SEQUENCE.c">
      <Filter>Source Files</Filter>
    </ClCompile>
    <ClCompile Include="..\..\asn1\constr_SEQUENCE_OF.c">
      <Filter>Source Files</Filter>
    </ClCompile>
    <ClCompile Include="..\..\asn1\constr_SET_OF.c">
      <Filter>Source Files</Filter>
    </ClCompile>
    <ClCompile Include="..\..\asn1\constr_TYPE.c">
      <Filter>Source Files</Filter>
    </ClCompile>
    <ClCompile Include="..\..\asn1\constraints.c">
      <Filter>Source Files</Filter>
    </ClCompile>
    <ClCompile Include="..\..\asn1\ContextFlags.c">
      <Filter>Source Files</Filter>
    </ClCompile>
    <ClCompile Include="..\..\asn1\der_encoder.c">
      <Filter>Source Files</Filter>
    </ClCompile>
    <ClCompile Include="..\..\asn1\GeneralString.c">
      <Filter>Source Files</Filter>
    </ClCompile>
    <ClCompile Include="..\..\asn1\INTEGER.c">
      <Filter>Source Files</Filter>
    </ClCompile>
    <ClCompile Include="..\..\asn1\MechType.c">
      <Filter>Source Files</Filter>
    </ClCompile>
    <ClCompile Include="..\..\asn1\MechTypeList.c">
      <Filter>Source Files</Filter>
    </ClCompile>
    <ClCompile Include="..\..\asn1\NativeEnumerated.c">
      <Filter>Source Files</Filter>
    </ClCompile>
    <ClCompile Include="..\..\asn1\NativeInteger.c">
      <Filter>Source Files</Filter>
    </ClCompile>
    <ClCompile Include="..\..\asn1\NegHints.c">
      <Filter>Source Files</Filter>
    </ClCompile>
    <ClCompile Include="..\..\asn1\NegoData.c">
      <Filter>Source Files</Filter>
    </ClCompile>
    <ClCompile Include="..\..\asn1\NegoDataItem.c">
      <Filter>Source Files</Filter>
    </ClCompile>
    <ClCompile Include="..\..\asn1\NegotiationToken.c">
      <Filter>Source Files</Filter>
    </ClCompile>
    <ClCompile Include="..\..\asn1\NegTokenInit.c">
      <Filter>Source Files</Filter>
    </ClCompile>
    <ClCompile Include="..\..\asn1\NegTokenInit2.c">
      <Filter>Source Files</Filter>
    </ClCompile>
    <ClCompile Include="..\..\asn1\NegTokenResp.c">
      <Filter>Source Files</Filter>
    </ClCompile>
    <ClCompile Include="..\..\asn1\OBJECT_IDENTIFIER.c">
      <Filter>Source Files</Filter>
    </ClCompile>
    <ClCompile Include="..\..\asn1\OCTET_STRING.c">
      <Filter>Source Files</Filter>
    </ClCompile>
    <ClCompile Include="..\..\asn1\per_decoder.c">
      <Filter>Source Files</Filter>
    </ClCompile>
    <ClCompile Include="..\..\asn1\per_encoder.c">
      <Filter>Source Files</Filter>
    </ClCompile>
    <ClCompile Include="..\..\asn1\per_opentype.c">
      <Filter>Source Files</Filter>
    </ClCompile>
    <ClCompile Include="..\..\asn1\per_support.c">
      <Filter>Source Files</Filter>
    </ClCompile>
    <ClCompile Include="..\..\asn1\TSCredentials.c">
      <Filter>Source Files</Filter>
    </ClCompile>
    <ClCompile Include="..\..\asn1\TSCspDataDetail.c">
      <Filter>Source Files</Filter>
    </ClCompile>
    <ClCompile Include="..\..\asn1\TSPasswordCreds.c">
      <Filter>Source Files</Filter>
    </ClCompile>
    <ClCompile Include="..\..\asn1\TSRequest.c">
      <Filter>Source Files</Filter>
    </ClCompile>
    <ClCompile Include="..\..\asn1\TSSmartCardCreds.c">
      <Filter>Source Files</Filter>
    </ClCompile>
    <ClCompile Include="..\..\asn1\xer_decoder.c">
      <Filter>Source Files</Filter>
    </ClCompile>
    <ClCompile Include="..\..\asn1\xer_encoder.c">
      <Filter>Source Files</Filter>
    </ClCompile>
    <ClCompile Include="..\..\asn1\xer_support.c">
      <Filter>Source Files</Filter>
    </ClCompile>
  </ItemGroup>
  <ItemGroup>
    <ClInclude Include="..\..\asn1\asn_application.h">
      <Filter>Header Files</Filter>
    </ClInclude>
    <ClInclude Include="..\..\asn1\asn_codecs.h">
      <Filter>Header Files</Filter>
    </ClInclude>
    <ClInclude Include="..\..\asn1\asn_codecs_prim.h">
      <Filter>Header Files</Filter>
    </ClInclude>
    <ClInclude Include="..\..\asn1\asn_internal.h">
      <Filter>Header Files</Filter>
    </ClInclude>
    <ClInclude Include="..\..\asn1\asn_SEQUENCE_OF.h">
      <Filter>Header Files</Filter>
    </ClInclude>
    <ClInclude Include="..\..\asn1\asn_SET_OF.h">
      <Filter>Header Files</Filter>
    </ClInclude>
    <ClInclude Include="..\..\asn1\asn_system.h">
      <Filter>Header Files</Filter>
    </ClInclude>
    <ClInclude Include="..\..\asn1\ber_decoder.h">
      <Filter>Header Files</Filter>
    </ClInclude>
    <ClInclude Include="..\..\asn1\ber_tlv_length.h">
      <Filter>Header Files</Filter>
    </ClInclude>
    <ClInclude Include="..\..\asn1\ber_tlv_tag.h">
      <Filter>Header Files</Filter>
    </ClInclude>
    <ClInclude Include="..\..\asn1\BIT_STRING.h">
      <Filter>Header Files</Filter>
    </ClInclude>
    <ClInclude Include="..\..\asn1\constr_CHOICE.h">
      <Filter>Header Files</Filter>
    </ClInclude>
    <ClInclude Include="..\..\asn1\constr_SEQUENCE.h">
      <Filter>Header Files</Filter>
    </ClInclude>
    <ClInclude Include="..\..\asn1\constr_SEQUENCE_OF.h">
      <Filter>Header Files</Filter>
    </ClInclude>
    <ClInclude Include="..\..\asn1\constr_SET_OF.h">
      <Filter>Header Files</Filter>
    </ClInclude>
    <ClInclude Include="..\..\asn1\constr_TYPE.h">
      <Filter>Header Files</Filter>
    </ClInclude>
    <ClInclude Include="..\..\asn1\constraints.h">
      <Filter>Header Files</Filter>
    </ClInclude>
    <ClInclude Include="..\..\asn1\ContextFlags.h">
      <Filter>Header Files</Filter>
    </ClInclude>
    <ClInclude Include="..\..\asn1\der_encoder.h">
      <Filter>Header Files</Filter>
    </ClInclude>
    <ClInclude Include="..\..\asn1\GeneralString.h">
      <Filter>Header Files</Filter>
    </ClInclude>
    <ClInclude Include="..\..\asn1\INTEGER.h">
      <Filter>Header Files</Filter>
    </ClInclude>
    <ClInclude Include="..\..\asn1\MechType.h">
      <Filter>Header Files</Filter>
    </ClInclude>
    <ClInclude Include="..\..\asn1\MechTypeList.h">
      <Filter>Header Files</Filter>
    </ClInclude>
    <ClInclude Include="..\..\asn1\NativeEnumerated.h">
      <Filter>Header Files</Filter>
    </ClInclude>
    <ClInclude Include="..\..\asn1\NativeInteger.h">
      <Filter>Header Files</Filter>
    </ClInclude>
    <ClInclude Include="..\..\asn1\NegHints.h">
      <Filter>Header Files</Filter>
    </ClInclude>
    <ClInclude Include="..\..\asn1\NegoData.h">
      <Filter>Header Files</Filter>
    </ClInclude>
    <ClInclude Include="..\..\asn1\NegoDataItem.h">
      <Filter>Header Files</Filter>
    </ClInclude>
    <ClInclude Include="..\..\asn1\NegotiationToken.h">
      <Filter>Header Files</Filter>
    </ClInclude>
    <ClInclude Include="..\..\asn1\NegTokenInit.h">
      <Filter>Header Files</Filter>
    </ClInclude>
    <ClInclude Include="..\..\asn1\NegTokenInit2.h">
      <Filter>Header Files</Filter>
    </ClInclude>
    <ClInclude Include="..\..\asn1\NegTokenResp.h">
      <Filter>Header Files</Filter>
    </ClInclude>
    <ClInclude Include="..\..\asn1\OBJECT_IDENTIFIER.h">
      <Filter>Header Files</Filter>
    </ClInclude>
    <ClInclude Include="..\..\asn1\OCTET_STRING.h">
      <Filter>Header Files</Filter>
    </ClInclude>
    <ClInclude Include="..\..\asn1\per_decoder.h">
      <Filter>Header Files</Filter>
    </ClInclude>
    <ClInclude Include="..\..\asn1\per_encoder.h">
      <Filter>Header Files</Filter>
    </ClInclude>
    <ClInclude Include="..\..\asn1\per_opentype.h">
      <Filter>Header Files</Filter>
    </ClInclude>
    <ClInclude Include="..\..\asn1\per_support.h">
      <Filter>Header Files</Filter>
    </ClInclude>
    <ClInclude Include="..\..\asn1\TSCredentials.h">
      <Filter>Header Files</Filter>
    </ClInclude>
    <ClInclude Include="..\..\asn1\TSCspDataDetail.h">
      <Filter>Header Files</Filter>
    </ClInclude>
    <ClInclude Include="..\..\asn1\TSPasswordCreds.h">
      <Filter>Header Files</Filter>
    </ClInclude>
    <ClInclude Include="..\..\asn1\TSRequest.h">
      <Filter>Header Files</Filter>
    </ClInclude>
    <ClInclude Include="..\..\asn1\TSSmartCardCreds.h">
      <Filter>Header Files</Filter>
    </ClInclude>
    <ClInclude Include="..\..\asn1\xer_decoder.h">
      <Filter>Header Files</Filter>
    </ClInclude>
    <ClInclude Include="..\..\asn1\xer_encoder.h">
      <Filter>Header Files</Filter>
    </ClInclude>
    <ClInclude Include="..\..\asn1\xer_support.h">
      <Filter>Header Files</Filter>
    </ClInclude>
  </ItemGroup>
</Project>