<?xml version="1.0" encoding="utf-8"?>
<Project ToolsVersion="4.0" xmlns="http://schemas.microsoft.com/developer/msbuild/2003">
  <ItemGroup>
    <Filter Include="Source Files">
      <UniqueIdentifier>{4FC737F1-C7A5-4376-A066-2A32D752A2FF}</UniqueIdentifier>
      <Extensions>cpp;c;cc;cxx;def;odl;idl;hpj;bat;asm;asmx</Extensions>
    </Filter>
    <Filter Include="Header Files">
      <UniqueIdentifier>{93995380-89BD-4b04-88EB-625FBE52EBFB}</UniqueIdentifier>
      <Extensions>h;hpp;hxx;hm;inl;inc;xsd</Extensions>
    </Filter>
    <Filter Include="Header Files\include">
      <UniqueIdentifier>{d5495e0f-692d-4ddc-af56-e6fa8d8c741d}</UniqueIdentifier>
    </Filter>
  </ItemGroup>
  <ItemGroup>
    <ClCompile Include="..\..\libfreerdp\asn1.c">
      <Filter>Source Files</Filter>
    </ClCompile>
    <ClCompile Include="..\..\libfreerdp\bitmap.c">
      <Filter>Source Files</Filter>
    </ClCompile>
    <ClCompile Include="..\..\libfreerdp\cache.c">
      <Filter>Source Files</Filter>
    </ClCompile>
    <ClCompile Include="..\..\libfreerdp\capabilities.c">
      <Filter>Source Files</Filter>
    </ClCompile>
    <ClCompile Include="..\..\libfreerdp\chan.c">
      <Filter>Source Files</Filter>
    </ClCompile>
    <ClCompile Include="..\..\libfreerdp\credssp.c">
      <Filter>Source Files</Filter>
    </ClCompile>
    <ClCompile Include="..\..\libfreerdp\crypto_openssl.c">
      <Filter>Source Files</Filter>
    </ClCompile>
    <ClCompile Include="..\..\libfreerdp\ext.c">
      <Filter>Source Files</Filter>
    </ClCompile>
    <ClCompile Include="..\..\libfreerdp\freerdp.c">
      <Filter>Source Files</Filter>
    </ClCompile>
    <ClCompile Include="..\..\libfreerdp\iso.c">
      <Filter>Source Files</Filter>
    </ClCompile>
    <ClCompile Include="..\..\libfreerdp\licence.c">
      <Filter>Source Files</Filter>
    </ClCompile>
    <ClCompile Include="..\..\libfreerdp\mcs.c">
      <Filter>Source Files</Filter>
    </ClCompile>
    <ClCompile Include="..\..\libfreerdp\mppc.c">
      <Filter>Source Files</Filter>
    </ClCompile>
    <ClCompile Include="..\..\libfreerdp\nego.c">
      <Filter>Source Files</Filter>
    </ClCompile>
    <ClCompile Include="..\..\libfreerdp\ntlmssp.c">
      <Filter>Source Files</Filter>
    </ClCompile>
    <ClCompile Include="..\..\libfreerdp\orders.c">
      <Filter>Source Files</Filter>
    </ClCompile>
    <ClCompile Include="..\..\libfreerdp\pstcache.c">
      <Filter>Source Files</Filter>
    </ClCompile>
    <ClCompile Include="..\..\libfreerdp\rail.c">
      <Filter>Source Files</Filter>
    </ClCompile>
    <ClCompile Include="..\..\libfreerdp\rdp.c">
      <Filter>Source Files</Filter>
    </ClCompile>
    <ClCompile Include="..\..\libfreerdp\secure.c">
      <Filter>Source Files</Filter>
    </ClCompile>
    <ClCompile Include="..\..\libfreerdp\ssl.c">
      <Filter>Source Files</Filter>
    </ClCompile>
    <ClCompile Include="..\..\libfreerdp\stream.c">
      <Filter>Source Files</Filter>
    </ClCompile>
    <ClCompile Include="..\..\libfreerdp\surface.c">
      <Filter>Source Files</Filter>
    </ClCompile>
    <ClCompile Include="..\..\libfreerdp\tcp.c">
      <Filter>Source Files</Filter>
    </ClCompile>
    <ClCompile Include="..\..\libfreerdp\tls_openssl.c">
      <Filter>Source Files</Filter>
    </ClCompile>
  </ItemGroup>
  <ItemGroup>
    <ClInclude Include="..\..\libfreerdp\asn1.h">
      <Filter>Header Files</Filter>
    </ClInclude>
    <ClInclude Include="..\..\libfreerdp\bitmap.h">
      <Filter>Header Files</Filter>
    </ClInclude>
    <ClInclude Include="..\..\libfreerdp\cache.h">
      <Filter>Header Files</Filter>
    </ClInclude>
    <ClInclude Include="..\..\libfreerdp\capabilities.h">
      <Filter>Header Files</Filter>
    </ClInclude>
    <ClInclude Include="..\..\libfreerdp\chan.h">
      <Filter>Header Files</Filter>
    </ClInclude>
    <ClInclude Include="..\..\include\freerdp\chanman.h">
      <Filter>Header Files</Filter>
    </ClInclude>
    <ClInclude Include="..\..\libfreerdp\constants.h">
      <Filter>Header Files</Filter>
    </ClInclude>
    <ClInclude Include="..\..\libfreerdp\constants_capabilities.h">
      <Filter>Header Files</Filter>
    </ClInclude>
    <ClInclude Include="..\..\libfreerdp\constants_core.h">
      <Filter>Header Files</Filter>
    </ClInclude>
    <ClInclude Include="..\..\libfreerdp\constants_crypto.h">
      <Filter>Header Files</Filter>
    </ClInclude>
    <ClInclude Include="..\..\libfreerdp\constants_license.h">
      <Filter>Header Files</Filter>
    </ClInclude>
    <ClInclude Include="..\..\libfreerdp\constants_pdu.h">
      <Filter>Header Files</Filter>
    </ClInclude>
    <ClInclude Include="..\..\libfreerdp\constants_rail.h">
      <Filter>Header Files</Filter>
    </ClInclude>
    <ClInclude Include="..\..\include\freerdp\constants_vchan.h">
      <Filter>Header Files</Filter>
    </ClInclude>
    <ClInclude Include="..\..\libfreerdp\constants_window.h">
      <Filter>Header Files</Filter>
    </ClInclude>
    <ClInclude Include="..\..\libfreerdp\credssp.h">
      <Filter>Header Files</Filter>
    </ClInclude>
    <ClInclude Include="..\..\libfreerdp\crypto.h">
      <Filter>Header Files</Filter>
    </ClInclude>
    <ClInclude Include="..\..\libfreerdp\crypto_openssl.h">
      <Filter>Header Files</Filter>
    </ClInclude>
    <ClInclude Include="..\..\libfreerdp\debug.h">
      <Filter>Header Files</Filter>
    </ClInclude>
    <ClInclude Include="..\..\include\freerdp\dvc.h">
      <Filter>Header Files</Filter>
    </ClInclude>
    <ClInclude Include="..\..\libfreerdp\ext.h">
      <Filter>Header Files</Filter>
    </ClInclude>
    <ClInclude Include="..\..\libfreerdp\frdp.h">
      <Filter>Header Files</Filter>
    </ClInclude>
    <ClInclude Include="..\..\libfreerdp\iso.h">
      <Filter>Header Files</Filter>
    </ClInclude>
    <ClInclude Include="..\..\include\freerdp\kbd.h">
      <Filter>Header Files</Filter>
    </ClInclude>
    <ClInclude Include="..\..\libfreerdp\licence.h">
      <Filter>Header Files</Filter>
    </ClInclude>
    <ClInclude Include="..\..\libfreerdp\mcs.h">
      <Filter>Header Files</Filter>
    </ClInclude>
    <ClInclude Include="..\..\libfreerdp\nego.h">
      <Filter>Header Files</Filter>
    </ClInclude>
    <ClInclude Include="..\..\libfreerdp\ntlmssp.h">
      <Filter>Header Files</Filter>
    </ClInclude>
    <ClInclude Include="..\..\libfreerdp\orders.h">
      <Filter>Header Files</Filter>
    </ClInclude>
    <ClInclude Include="..\..\libfreerdp\orderstypes.h">
      <Filter>Header Files</Filter>
    </ClInclude>
    <ClInclude Include="..\..\libfreerdp\pstcache.h">
      <Filter>Header Files</Filter>
    </ClInclude>
    <ClInclude Include="..\..\libfreerdp\rail.h">
      <Filter>Header Files</Filter>
    </ClInclude>
    <ClInclude Include="..\..\libfreerdp\rdp.h">
      <Filter>Header Files</Filter>
    </ClInclude>
    <ClInclude Include="..\..\include\freerdp\rdpext.h">
      <Filter>Header Files</Filter>
    </ClInclude>
    <ClInclude Include="..\..\libfreerdp\secure.h">
      <Filter>Header Files</Filter>
    </ClInclude>
    <ClInclude Include="..\..\libfreerdp\ssl.h">
      <Filter>Header Files</Filter>
    </ClInclude>
    <ClInclude Include="..\..\libfreerdp\stream.h">
      <Filter>Header Files</Filter>
    </ClInclude>
    <ClInclude Include="..\..\libfreerdp\surface.h">
      <Filter>Header Files</Filter>
    </ClInclude>
    <ClInclude Include="..\..\libfreerdp\tcp.h">
      <Filter>Header Files</Filter>
    </ClInclude>
    <ClInclude Include="..\..\libfreerdp\tls.h">
      <Filter>Header Files</Filter>
    </ClInclude>
    <ClInclude Include="..\..\libfreerdp\types.h">
      <Filter>Header Files</Filter>
    </ClInclude>
    <ClInclude Include="..\..\include\freerdp\constants.h">
      <Filter>Header Files\include</Filter>
    </ClInclude>
    <ClInclude Include="..\..\include\freerdp\constants_capabilities.h">
      <Filter>Header Files\include</Filter>
    </ClInclude>
    <ClInclude Include="..\..\include\freerdp\constants_core.h">
      <Filter>Header Files\include</Filter>
    </ClInclude>
    <ClInclude Include="..\..\include\freerdp\constants_crypto.h">
      <Filter>Header Files\include</Filter>
    </ClInclude>
    <ClInclude Include="..\..\include\freerdp\constants_license.h">
      <Filter>Header Files\include</Filter>
    </ClInclude>
    <ClInclude Include="..\..\include\freerdp\constants_pdu.h">
      <Filter>Header Files\include</Filter>
    </ClInclude>
    <ClInclude Include="..\..\include\freerdp\constants_rail.h">
      <Filter>Header Files\include</Filter>
    </ClInclude>
    <ClInclude Include="..\..\include\freerdp\constants_rdpdr.h">
      <Filter>Header Files\include</Filter>
    </ClInclude>
    <ClInclude Include="..\..\include\freerdp\constants_ui.h">
      <Filter>Header Files\include</Filter>
    </ClInclude>
    <ClInclude Include="..\..\include\freerdp\constants_window.h">
      <Filter>Header Files\include</Filter>
    </ClInclude>
    <ClInclude Include="..\..\include\freerdp\freerdp.h">
      <Filter>Header Files\include</Filter>
    </ClInclude>
    <ClInclude Include="..\..\include\freerdp\rdpset.h">
      <Filter>Header Files\include</Filter>
    </ClInclude>
    <ClInclude Include="..\..\include\freerdp\types_ui.h">
      <Filter>Header Files\include</Filter>
    </ClInclude>
    <ClInclude Include="..\..\include\freerdp\vchan.h">
      <Filter>Header Files\include</Filter>
    </ClInclude>
  </ItemGroup>
</Project>